
Microsoft Visual Studio Solution File, Format Version 12.00
# Visual Studio Version 16
VisualStudioVersion = 16.0.31025.194
MinimumVisualStudioVersion = 10.0.40219.1
Project("{FAE04EC0-301F-11D3-BF4B-00C04F79EFBC}") = "FileTransfer", "FileTransfer\FileTransfer.csproj", "{107BE69E-77E6-4A4A-8A92-2789DD794C1A}"
EndProject
Global
	GlobalSection(SolutionConfigurationPlatforms) = preSolution
		Debug|Any CPU = Debug|Any CPU
		Release|Any CPU = Release|Any CPU
	EndGlobalSection
	GlobalSection(ProjectConfigurationPlatforms) = postSolution
		{107BE69E-77E6-4A4A-8A92-2789DD794C1A}.Debug|Any CPU.ActiveCfg = Debug|Any CPU
		{107BE69E-77E6-4A4A-8A92-2789DD794C1A}.Debug|Any CPU.Build.0 = Debug|Any CPU
		{107BE69E-77E6-4A4A-8A92-2789DD794C1A}.Release|Any CPU.ActiveCfg = Release|Any CPU
		{107BE69E-77E6-4A4A-8A92-2789DD794C1A}.Release|Any CPU.Build.0 = Release|Any CPU
	EndGlobalSection
	GlobalSection(SolutionProperties) = preSolution
		HideSolutionNode = FALSE
	EndGlobalSection
	GlobalSection(ExtensibilityGlobals) = postSolution
		SolutionGuid = {3D962B41-E853-4C33-924F-DE0C9DF5753A}
	EndGlobalSection
EndGlobal
